
Microsoft Visual Studio Solution File, Format Version 12.00
# Visual Studio Version 16
VisualStudioVersion = 16.0.30717.126
MinimumVisualStudioVersion = 10.0.40219.1
Project("{9A19103F-16F7-4668-BE54-9A1E7A4F7556}") = "Analyzer", "Analyzer\Analyzer.csproj", "{D6433E96-CE68-4DD4-8A79-F0ABBCDEA73E}"
EndProject
Project("{9A19103F-16F7-4668-BE54-9A1E7A4F7556}") = "Analyzer.Test", "Analyzer.Test\Analyzer.Test.csproj", "{F66DD184-B98C-4F6C-A061-48857FD23267}"
EndProject
Global
	GlobalSection(SolutionConfigurationPlatforms) = preSolution
		Debug|Any CPU = Debug|Any CPU
		Release|Any CPU = Release|Any CPU
	EndGlobalSection
	GlobalSection(ProjectConfigurationPlatforms) = postSolution
		{D6433E96-CE68-4DD4-8A79-F0ABBCDEA73E}.Debug|Any CPU.ActiveCfg = Debug|Any CPU
		{D6433E96-CE68-4DD4-8A79-F0ABBCDEA73E}.Debug|Any CPU.Build.0 = Debug|Any CPU
		{D6433E96-CE68-4DD4-8A79-F0ABBCDEA73E}.Release|Any CPU.ActiveCfg = Release|Any CPU
		{D6433E96-CE68-4DD4-8A79-F0ABBCDEA73E}.Release|Any CPU.Build.0 = Release|Any CPU
		{F66DD184-B98C-4F6C-A061-48857FD23267}.Debug|Any CPU.ActiveCfg = Debug|Any CPU
		{F66DD184-B98C-4F6C-A061-48857FD23267}.Debug|Any CPU.Build.0 = Debug|Any CPU
		{F66DD184-B98C-4F6C-A061-48857FD23267}.Release|Any CPU.ActiveCfg = Release|Any CPU
		{F66DD184-B98C-4F6C-A061-48857FD23267}.Release|Any CPU.Build.0 = Release|Any CPU
	EndGlobalSection
	GlobalSection(SolutionProperties) = preSolution
		HideSolutionNode = FALSE
	EndGlobalSection
	GlobalSection(ExtensibilityGlobals) = postSolution
		SolutionGuid = {5EFB3A05-CEAA-4684-9632-AEA6173878FD}
	EndGlobalSection
EndGlobal
